
Microsoft Visual Studio Solution File, Format Version 12.00
# Visual Studio Version 16
VisualStudioVersion = 16.0.33328.57
MinimumVisualStudioVersion = 10.0.40219.1
Project("{FAE04EC0-301F-11D3-BF4B-00C04F79EFBC}") = "EmployeeCRUD2", "EmployeeCRUD2.csproj", "{AFBA4F2D-98CF-44F7-94CB-4ACF7494A967}"
EndProject
Global
	GlobalSection(SolutionConfigurationPlatforms) = preSolution
		Debug|Any CPU = Debug|Any CPU
		Release|Any CPU = Release|Any CPU
	EndGlobalSection
	GlobalSection(ProjectConfigurationPlatforms) = postSolution
		{AFBA4F2D-98CF-44F7-94CB-4ACF7494A967}.Debug|Any CPU.ActiveCfg = Debug|Any CPU
		{AFBA4F2D-98CF-44F7-94CB-4ACF7494A967}.Debug|Any CPU.Build.0 = Debug|Any CPU
		{AFBA4F2D-98CF-44F7-94CB-4ACF7494A967}.Release|Any CPU.ActiveCfg = Release|Any CPU
		{AFBA4F2D-98CF-44F7-94CB-4ACF7494A967}.Release|Any CPU.Build.0 = Release|Any CPU
	EndGlobalSection
	GlobalSection(SolutionProperties) = preSolution
		HideSolutionNode = FALSE
	EndGlobalSection
	GlobalSection(ExtensibilityGlobals) = postSolution
		SolutionGuid = {F8F3FC1A-2935-4328-9EA2-C718DBA5654E}
	EndGlobalSection
EndGlobal
